{
  "name": "tally-middleware",
  "lockfileVersion": 3,
  "requires": true,
  "packages": {
    "": {
      "dependencies": {
        "opencode-ai": "^1.4.1"
      }
    },
    "node_modules/opencode-ai": {
      "version": "1.4.1",
      "resolved": "https://registry.npmjs.org/opencode-ai/-/opencode-ai-1.4.1.tgz",
      "integrity": "sha512-cXfCtoWXlAzLl8SamBh6FiVzi17JPWRBtvdsGhXGnp7RQOn0qtr51k+jVEcGmSwg25yNWRZ/PfZ3BMi93DUtKQ==",
      "hasInstallScript": true,
      "license": "MIT",
      "bin": {
        "opencode": "bin/opencode"
      },
      "optionalDependencies": {
        "opencode-darwin-arm64": "1.4.1",
        "opencode-darwin-x64": "1.4.1",
        "opencode-darwin-x64-baseline": "1.4.1",
        "opencode-linux-arm64": "1.4.1",
        "opencode-linux-arm64-musl": "1.4.1",
        "opencode-linux-x64": "1.4.1",
        "opencode-linux-x64-baseline": "1.4.1",
        "opencode-linux-x64-baseline-musl": "1.4.1",
        "opencode-linux-x64-musl": "1.4.1",
        "opencode-windows-arm64": "1.4.1",
        "opencode-windows-x64": "1.4.1",
        "opencode-windows-x64-baseline": "1.4.1"
      }
    },
    "node_modules/opencode-darwin-arm64": {
      "version": "1.4.1",
      "resolved": "https://registry.npmjs.org/opencode-darwin-arm64/-/opencode-darwin-arm64-1.4.1.tgz",
      "integrity": "sha512-8/AW94fp4oFsEADR5MPMJ9ZhSbZglmzRZCPTDvH2AbID/425Th+xpm8gz+dqQQYvMBwkJAWyc999Qb3V1yFN9w==",
      "cpu": [
        "arm64"
      ],
      "optional": true,
      "os": [
        "darwin"
      ]
    },
    "node_modules/opencode-darwin-x64": {
      "version": "1.4.1",
      "resolved": "https://registry.npmjs.org/opencode-darwin-x64/-/opencode-darwin-x64-1.4.1.tgz",
      "integrity": "sha512-DQ9MVdexXcj3HGjTzsi27hkAfWCjPibHIhBs0++bNyOjQxRz8Ip9KMNxVaycWIiQyfHqG2ZsgzfeDJzzzBScqQ==",
      "cpu": [
        "x64"
      ],
      "optional": true,
      "os": [
        "darwin"
      ]
    },
    "node_modules/opencode-darwin-x64-baseline": {
      "version": "1.4.1",
      "resolved": "https://registry.npmjs.org/opencode-darwin-x64-baseline/-/opencode-darwin-x64-baseline-1.4.1.tgz",
      "integrity": "sha512-tJFCMVHcHIz119qutRrv+m5ynWiqq4jXcES9JyhtS846qF+GuPJ6Dlhk0sNShGC5ArWdX0kbknPghwolTvCbmg==",
      "cpu": [
        "x64"
      ],
      "optional": true,
      "os": [
        "darwin"
      ]
    },
    "node_modules/opencode-linux-arm64": {
      "version": "1.4.1",
      "resolved": "https://registry.npmjs.org/opencode-linux-arm64/-/opencode-linux-arm64-1.4.1.tgz",
      "integrity": "sha512-24Kr5Z7DDAaxOe5WF1cUdrw5A+iUPAGihUWjILPOhNFTKJRKG+laBKMIbtkHYeD2qVbdK3aPjDV1ygpzjfBsZg==",
      "cpu": [
        "arm64"
      ],
      "optional": true,
      "os": [
        "linux"
      ]
    },
    "node_modules/opencode-linux-arm64-musl": {
      "version": "1.4.1",
      "resolved": "https://registry.npmjs.org/opencode-linux-arm64-musl/-/opencode-linux-arm64-musl-1.4.1.tgz",
      "integrity": "sha512-uriRzEXoTQmytOlHzivkKLvbDmGWeO5TlDBZLO2TufeGNV1VBEcNMfjnNax5tMH+G1TXncBEjP0tMuFcdMX3Hw==",
      "cpu": [
        "arm64"
      ],
      "optional": true,
      "os": [
        "linux"
      ]
    },
    "node_modules/opencode-linux-x64": {
      "version": "1.4.1",
      "resolved": "https://registry.npmjs.org/opencode-linux-x64/-/opencode-linux-x64-1.4.1.tgz",
      "integrity": "sha512-YeIQkSTOT6WAz/r5Im+Zu1Ob/N2SGLjttoiwYkqA5/LdiukSK5mbZ4f/9jUtI8g66BMcTCC/sSi7WRrM2hrjCA==",
      "cpu": [
        "x64"
      ],
      "optional": true,
      "os": [
        "linux"
      ]
    },
    "node_modules/opencode-linux-x64-baseline": {
      "version": "1.4.1",
      "resolved": "https://registry.npmjs.org/opencode-linux-x64-baseline/-/opencode-linux-x64-baseline-1.4.1.tgz",
      "integrity": "sha512-Kzl0OtQ+l5AER5pJXO/OVWZ7Kbo0NnFWmNR3UXuQLIubFf3hVnTCr1vQQF3vuRCCxU/adZY88/to0QHuMMu67w==",
      "cpu": [
        "x64"
      ],
      "optional": true,
      "os": [
        "linux"
      ]
    },
    "node_modules/opencode-linux-x64-baseline-musl": {
      "version": "1.4.1",
      "resolved": "https://registry.npmjs.org/opencode-linux-x64-baseline-musl/-/opencode-linux-x64-baseline-musl-1.4.1.tgz",
      "integrity": "sha512-y34Ya7RF58lw4t8J1zOSrb+ihA3SQjHHkLntlVY3BLrvBzflMAejhhrV/YFEkxSEshgdiqMHIdtMn4Vg3pd2vg==",
      "cpu": [
        "x64"
      ],
      "optional": true,
      "os": [
        "linux"
      ]
    },
    "node_modules/opencode-linux-x64-musl": {
      "version": "1.4.1",
      "resolved": "https://registry.npmjs.org/opencode-linux-x64-musl/-/opencode-linux-x64-musl-1.4.1.tgz",
      "integrity": "sha512-EKRt8u+B5iXZK1cKlgskvCAMbDP4sNJgxmxyUO8cWjGjcusah+0hEAZKzK3hCosXGqxob/m2Ouj1V6rF0RrURA==",
      "cpu": [
        "x64"
      ],
      "optional": true,
      "os": [
        "linux"
      ]
    },
    "node_modules/opencode-windows-arm64": {
      "version": "1.4.1",
      "resolved": "https://registry.npmjs.org/opencode-windows-arm64/-/opencode-windows-arm64-1.4.1.tgz",
      "integrity": "sha512-6iUwjFmQapkAC29PwM0fHgKyLzPU3ZW/wWXy8UceNDHSo1wP3oMAdHlm6HbyNajQRZWLVO8rK55/lqefrwgh/w==",
      "cpu": [
        "arm64"
      ],
      "optional": true,
      "os": [
        "win32"
      ]
    },
    "node_modules/opencode-windows-x64": {
      "version": "1.4.1",
      "resolved": "https://registry.npmjs.org/opencode-windows-x64/-/opencode-windows-x64-1.4.1.tgz",
      "integrity": "sha512-DEyCJasHAXTLLYVS775OxHQ7xTPlFtqFvTCa8DjndU9xkvh3RIoe+BAydIgKB8M8bu2NmW0U+WM1Rpz3xvSPRg==",
      "cpu": [
        "x64"
      ],
      "optional": true,
      "os": [
        "win32"
      ]
    },
    "node_modules/opencode-windows-x64-baseline": {
      "version": "1.4.1",
      "resolved": "https://registry.npmjs.org/opencode-windows-x64-baseline/-/opencode-windows-x64-baseline-1.4.1.tgz",
      "integrity": "sha512-qrLbmro1gd5TPWUOQ6X51jCqCdKe18MYfW5I6BucOUDhivOd+wo4ie1TdCv7FeZ6IY8Sz4lCJl9zdfiWIkoMbw==",
      "cpu": [
        "x64"
      ],
      "optional": true,
      "os": [
        "win32"
      ]
    }
  }
}
